
Microsoft Visual Studio Solution File, Format Version 12.00
# Visual Studio Version 16
VisualStudioVersion = 16.0.29519.181
MinimumVisualStudioVersion = 10.0.40219.1
Project("{2150E333-8FDC-42A3-9474-1A3956D46DE8}") = "src", "src", "{C60BCE84-4AF4-4393-8D3E-1B69E29549C1}"
EndProject
Project("{9A19103F-16F7-4668-BE54-9A1E7A4F7556}") = "AntDesign.Pro.Layout", "src\AntDesign.Pro.Layout\AntDesign.Pro.Layout.csproj", "{A70AEF6C-D216-4C42-8997-F39E0832D315}"
EndProject
Project("{2150E333-8FDC-42A3-9474-1A3956D46DE8}") = "example", "example", "{1095FF82-E571-4818-ABD9-463A38CBC3DE}"
EndProject
Project("{9A19103F-16F7-4668-BE54-9A1E7A4F7556}") = "AntDesign.Pro.Layout.Wasm", "example\AntDesign.Pro.Layout.Wasm\AntDesign.Pro.Layout.Wasm.csproj", "{6E20DA53-861E-48DF-8F67-43CCC56BF4BD}"
EndProject
Global
	GlobalSection(SolutionConfigurationPlatforms) = preSolution
		Debug|Any CPU = Debug|Any CPU
		Release|Any CPU = Release|Any CPU
	EndGlobalSection
	GlobalSection(ProjectConfigurationPlatforms) = postSolution
		{A70AEF6C-D216-4C42-8997-F39E0832D315}.Debug|Any CPU.ActiveCfg = Debug|Any CPU
		{A70AEF6C-D216-4C42-8997-F39E0832D315}.Debug|Any CPU.Build.0 = Debug|Any CPU
		{A70AEF6C-D216-4C42-8997-F39E0832D315}.Release|Any CPU.ActiveCfg = Release|Any CPU
		{A70AEF6C-D216-4C42-8997-F39E0832D315}.Release|Any CPU.Build.0 = Release|Any CPU
		{6E20DA53-861E-48DF-8F67-43CCC56BF4BD}.Debug|Any CPU.ActiveCfg = Debug|Any CPU
		{6E20DA53-861E-48DF-8F67-43CCC56BF4BD}.Debug|Any CPU.Build.0 = Debug|Any CPU
		{6E20DA53-861E-48DF-8F67-43CCC56BF4BD}.Release|Any CPU.ActiveCfg = Release|Any CPU
		{6E20DA53-861E-48DF-8F67-43CCC56BF4BD}.Release|Any CPU.Build.0 = Release|Any CPU
	EndGlobalSection
	GlobalSection(SolutionProperties) = preSolution
		HideSolutionNode = FALSE
	EndGlobalSection
	GlobalSection(NestedProjects) = preSolution
		{A70AEF6C-D216-4C42-8997-F39E0832D315} = {C60BCE84-4AF4-4393-8D3E-1B69E29549C1}
		{6E20DA53-861E-48DF-8F67-43CCC56BF4BD} = {1095FF82-E571-4818-ABD9-463A38CBC3DE}
	EndGlobalSection
	GlobalSection(ExtensibilityGlobals) = postSolution
		SolutionGuid = {E124DDCB-1F8D-4F96-BF41-D87019D0A412}
	EndGlobalSection
EndGlobal
